Microsoft Visual Studio Solution File, Format Version 12.00
# Visual Studio Version 16
VisualStudioVersion = 16.0.0.0
MinimumVisualStudioVersion = 16.0.0.0
Project("{9A19103F-16F7-4668-BE54-9A1E7A4F7556}") = "FirstBlazorHybridApp", "FirstBlazorHybridApp\FirstBlazorHybridApp.csproj", "{720E9ACA-FA43-4D04-8B8D-D7A1D95AFF78}"
EndProject
Project("{FAE04EC0-301F-11D3-BF4B-00C04F79EFBC}") = "FirstBlazorHybridApp.Android", "FirstBlazorHybridApp.Android\FirstBlazorHybridApp.Android.csproj", "{5F42B694-3A31-4775-8C7E-5AD3C02D3BA7}"
EndProject
Project("{FAE04EC0-301F-11D3-BF4B-00C04F79EFBC}") = "FirstBlazorHybridApp.iOS", "FirstBlazorHybridApp.iOS\FirstBlazorHybridApp.iOS.csproj", "{9F4ECD1E-DB42-457F-8F94-E125A5639133}"
EndProject
Project("{9A19103F-16F7-4668-BE54-9A1E7A4F7556}") = "FirstBlazorHybridApp.Windows", "FirstBlazorHybridApp.Windows\FirstBlazorHybridApp.Windows.csproj", "{E05B6808-E7A6-462C-B767-D56D1FD10CDB}"
EndProject
Project("{FAE04EC0-301F-11D3-BF4B-00C04F79EFBC}") = "FirstBlazorHybridApp.macOS", "FirstBlazorHybridApp.macOS\FirstBlazorHybridApp.macOS.csproj", "{E03AC663-D8C7-4FF8-85FB-871BCE2F7CFD}"
EndProject
Project("{FAE04EC0-301F-11D3-BF4B-00C04F79EFBC}") = "FirstBlazorHybridApp.Web", "FirstBlazorHybridApp.Web\FirstBlazorHybridApp.Web.csproj", "{86565F31-0321-44EF-B2B4-2195FA68517D}"
EndProject
Global
	GlobalSection(SolutionConfigurationPlatforms) = preSolution
		Debug|Any CPU = Debug|Any CPU
		Debug|iPhone = Debug|iPhone
		Debug|iPhoneSimulator = Debug|iPhoneSimulator
		Debug|x64 = Debug|x64
		Debug|x86 = Debug|x86
		Release|Any CPU = Release|Any CPU
		Release|iPhone = Release|iPhone
		Release|iPhoneSimulator = Release|iPhoneSimulator
		Release|x64 = Release|x64
		Release|x86 = Release|x86
	EndGlobalSection
	GlobalSection(ProjectConfigurationPlatforms) = postSolution
		{720E9ACA-FA43-4D04-8B8D-D7A1D95AFF78}.Debug|Any CPU.ActiveCfg = Debug|Any CPU
		{720E9ACA-FA43-4D04-8B8D-D7A1D95AFF78}.Debug|Any CPU.Build.0 = Debug|Any CPU
		{720E9ACA-FA43-4D04-8B8D-D7A1D95AFF78}.Debug|iPhone.ActiveCfg = Debug|Any CPU
		{720E9ACA-FA43-4D04-8B8D-D7A1D95AFF78}.Debug|iPhone.Build.0 = Debug|Any CPU
		{720E9ACA-FA43-4D04-8B8D-D7A1D95AFF78}.Debug|iPhoneSimulator.ActiveCfg = Debug|Any CPU
		{720E9ACA-FA43-4D04-8B8D-D7A1D95AFF78}.Debug|iPhoneSimulator.Build.0 = Debug|Any CPU
		{720E9ACA-FA43-4D04-8B8D-D7A1D95AFF78}.Debug|x64.ActiveCfg = Debug|Any CPU
		{720E9ACA-FA43-4D04-8B8D-D7A1D95AFF78}.Debug|x64.Build.0 = Debug|Any CPU
		{720E9ACA-FA43-4D04-8B8D-D7A1D95AFF78}.Debug|x86.ActiveCfg = Debug|Any CPU
		{720E9ACA-FA43-4D04-8B8D-D7A1D95AFF78}.Debug|x86.Build.0 = Debug|Any CPU
		{720E9ACA-FA43-4D04-8B8D-D7A1D95AFF78}.Release|Any CPU.ActiveCfg = Release|Any CPU
		{720E9ACA-FA43-4D04-8B8D-D7A1D95AFF78}.Release|Any CPU.Build.0 = Release|Any CPU
		{720E9ACA-FA43-4D04-8B8D-D7A1D95AFF78}.Release|iPhone.ActiveCfg = Release|Any CPU
		{720E9ACA-FA43-4D04-8B8D-D7A1D95AFF78}.Release|iPhone.Build.0 = Release|Any CPU
		{720E9ACA-FA43-4D04-8B8D-D7A1D95AFF78}.Release|iPhoneSimulator.ActiveCfg = Release|Any CPU
		{720E9ACA-FA43-4D04-8B8D-D7A1D95AFF78}.Release|iPhoneSimulator.Build.0 = Release|Any CPU
		{720E9ACA-FA43-4D04-8B8D-D7A1D95AFF78}.Release|x64.ActiveCfg = Release|Any CPU
		{720E9ACA-FA43-4D04-8B8D-D7A1D95AFF78}.Release|x64.Build.0 = Release|Any CPU
		{720E9ACA-FA43-4D04-8B8D-D7A1D95AFF78}.Release|x86.ActiveCfg = Release|Any CPU
		{720E9ACA-FA43-4D04-8B8D-D7A1D95AFF78}.Release|x86.Build.0 = Release|Any CPU
		{5F42B694-3A31-4775-8C7E-5AD3C02D3BA7}.Debug|Any CPU.ActiveCfg = Debug|Any CPU
		{5F42B694-3A31-4775-8C7E-5AD3C02D3BA7}.Debug|Any CPU.Build.0 = Debug|Any CPU
		{5F42B694-3A31-4775-8C7E-5AD3C02D3BA7}.Debug|Any CPU.Deploy.0 = Debug|Any CPU
		{5F42B694-3A31-4775-8C7E-5AD3C02D3BA7}.Debug|iPhone.ActiveCfg = Debug|Any CPU
		{5F42B694-3A31-4775-8C7E-5AD3C02D3BA7}.Debug|iPhone.Build.0 = Debug|Any CPU
		{5F42B694-3A31-4775-8C7E-5AD3C02D3BA7}.Debug|iPhone.Deploy.0 = Debug|Any CPU
		{5F42B694-3A31-4775-8C7E-5AD3C02D3BA7}.Debug|iPhoneSimulator.ActiveCfg = Debug|Any CPU
		{5F42B694-3A31-4775-8C7E-5AD3C02D3BA7}.Debug|iPhoneSimulator.Build.0 = Debug|Any CPU
		{5F42B694-3A31-4775-8C7E-5AD3C02D3BA7}.Debug|iPhoneSimulator.Deploy.0 = Debug|Any CPU
		{5F42B694-3A31-4775-8C7E-5AD3C02D3BA7}.Debug|x64.ActiveCfg = Debug|Any CPU
		{5F42B694-3A31-4775-8C7E-5AD3C02D3BA7}.Debug|x64.Build.0 = Debug|Any CPU
		{5F42B694-3A31-4775-8C7E-5AD3C02D3BA7}.Debug|x64.Deploy.0 = Debug|Any CPU
		{5F42B694-3A31-4775-8C7E-5AD3C02D3BA7}.Debug|x86.ActiveCfg = Debug|Any CPU
		{5F42B694-3A31-4775-8C7E-5AD3C02D3BA7}.Debug|x86.Build.0 = Debug|Any CPU
		{5F42B694-3A31-4775-8C7E-5AD3C02D3BA7}.Debug|x86.Deploy.0 = Debug|Any CPU
		{5F42B694-3A31-4775-8C7E-5AD3C02D3BA7}.Release|Any CPU.ActiveCfg = Release|Any CPU
		{5F42B694-3A31-4775-8C7E-5AD3C02D3BA7}.Release|Any CPU.Build.0 = Release|Any CPU
		{5F42B694-3A31-4775-8C7E-5AD3C02D3BA7}.Release|Any CPU.Deploy.0 = Release|Any CPU
		{5F42B694-3A31-4775-8C7E-5AD3C02D3BA7}.Release|iPhone.ActiveCfg = Release|Any CPU
		{5F42B694-3A31-4775-8C7E-5AD3C02D3BA7}.Release|iPhone.Build.0 = Release|Any CPU
		{5F42B694-3A31-4775-8C7E-5AD3C02D3BA7}.Release|iPhone.Deploy.0 = Release|Any CPU
		{5F42B694-3A31-4775-8C7E-5AD3C02D3BA7}.Release|iPhoneSimulator.ActiveCfg = Release|Any CPU
		{5F42B694-3A31-4775-8C7E-5AD3C02D3BA7}.Release|iPhoneSimulator.Build.0 = Release|Any CPU
		{5F42B694-3A31-4775-8C7E-5AD3C02D3BA7}.Release|iPhoneSimulator.Deploy.0 = Release|Any CPU
		{5F42B694-3A31-4775-8C7E-5AD3C02D3BA7}.Release|x64.ActiveCfg = Release|Any CPU
		{5F42B694-3A31-4775-8C7E-5AD3C02D3BA7}.Release|x64.Build.0 = Release|Any CPU
		{5F42B694-3A31-4775-8C7E-5AD3C02D3BA7}.Release|x64.Deploy.0 = Release|Any CPU
		{5F42B694-3A31-4775-8C7E-5AD3C02D3BA7}.Release|x86.ActiveCfg = Release|Any CPU
		{5F42B694-3A31-4775-8C7E-5AD3C02D3BA7}.Release|x86.Build.0 = Release|Any CPU
		{5F42B694-3A31-4775-8C7E-5AD3C02D3BA7}.Release|x86.Deploy.0 = Release|Any CPU
		{9F4ECD1E-DB42-457F-8F94-E125A5639133}.Debug|Any CPU.ActiveCfg = Debug|iPhone
		{9F4ECD1E-DB42-457F-8F94-E125A5639133}.Debug|iPhone.ActiveCfg = Debug|iPhone
		{9F4ECD1E-DB42-457F-8F94-E125A5639133}.Debug|iPhone.Build.0 = Debug|iPhone
		{9F4ECD1E-DB42-457F-8F94-E125A5639133}.Debug|iPhoneSimulator.ActiveCfg = Debug|iPhoneSimulator
		{9F4ECD1E-DB42-457F-8F94-E125A5639133}.Debug|iPhoneSimulator.Build.0 = Debug|iPhoneSimulator
		{9F4ECD1E-DB42-457F-8F94-E125A5639133}.Debug|x64.ActiveCfg = Debug|iPhone
		{9F4ECD1E-DB42-457F-8F94-E125A5639133}.Debug|x86.ActiveCfg = Debug|iPhone
		{9F4ECD1E-DB42-457F-8F94-E125A5639133}.Release|Any CPU.ActiveCfg = Release|iPhone
		{9F4ECD1E-DB42-457F-8F94-E125A5639133}.Release|iPhone.ActiveCfg = Release|iPhone
		{9F4ECD1E-DB42-457F-8F94-E125A5639133}.Release|iPhone.Build.0 = Release|iPhone
		{9F4ECD1E-DB42-457F-8F94-E125A5639133}.Release|iPhoneSimulator.ActiveCfg = Release|iPhoneSimulator
		{9F4ECD1E-DB42-457F-8F94-E125A5639133}.Release|iPhoneSimulator.Build.0 = Release|iPhoneSimulator
		{9F4ECD1E-DB42-457F-8F94-E125A5639133}.Release|x64.ActiveCfg = Release|iPhone
		{9F4ECD1E-DB42-457F-8F94-E125A5639133}.Release|x86.ActiveCfg = Release|iPhone
		{9F4ECD1E-DB42-457F-8F94-E125A5639133}.Debug|Any CPU.Build.0 = Debug|iPhone
		{E05B6808-E7A6-462C-B767-D56D1FD10CDB}.Debug|Any CPU.ActiveCfg = Debug|Any CPU
		{E05B6808-E7A6-462C-B767-D56D1FD10CDB}.Debug|Any CPU.Build.0 = Debug|Any CPU
		{E05B6808-E7A6-462C-B767-D56D1FD10CDB}.Debug|iPhone.ActiveCfg = Debug|Any CPU
		{E05B6808-E7A6-462C-B767-D56D1FD10CDB}.Debug|iPhone.Build.0 = Debug|Any CPU
		{E05B6808-E7A6-462C-B767-D56D1FD10CDB}.Debug|iPhoneSimulator.ActiveCfg = Debug|Any CPU
		{E05B6808-E7A6-462C-B767-D56D1FD10CDB}.Debug|iPhoneSimulator.Build.0 = Debug|Any CPU
		{E05B6808-E7A6-462C-B767-D56D1FD10CDB}.Debug|x64.ActiveCfg = Debug|Any CPU
		{E05B6808-E7A6-462C-B767-D56D1FD10CDB}.Debug|x64.Build.0 = Debug|Any CPU
		{E05B6808-E7A6-462C-B767-D56D1FD10CDB}.Debug|x86.ActiveCfg = Debug|Any CPU
		{E05B6808-E7A6-462C-B767-D56D1FD10CDB}.Debug|x86.Build.0 = Debug|Any CPU
		{E05B6808-E7A6-462C-B767-D56D1FD10CDB}.Release|Any CPU.ActiveCfg = Release|Any CPU
		{E05B6808-E7A6-462C-B767-D56D1FD10CDB}.Release|Any CPU.Build.0 = Release|Any CPU
		{E05B6808-E7A6-462C-B767-D56D1FD10CDB}.Release|iPhone.ActiveCfg = Release|Any CPU
		{E05B6808-E7A6-462C-B767-D56D1FD10CDB}.Release|iPhone.Build.0 = Release|Any CPU
		{E05B6808-E7A6-462C-B767-D56D1FD10CDB}.Release|iPhoneSimulator.ActiveCfg = Release|Any CPU
		{E05B6808-E7A6-462C-B767-D56D1FD10CDB}.Release|iPhoneSimulator.Build.0 = Release|Any CPU
		{E05B6808-E7A6-462C-B767-D56D1FD10CDB}.Release|x64.ActiveCfg = Release|Any CPU
		{E05B6808-E7A6-462C-B767-D56D1FD10CDB}.Release|x64.Build.0 = Release|Any CPU
		{E05B6808-E7A6-462C-B767-D56D1FD10CDB}.Release|x86.ActiveCfg = Release|Any CPU
		{E05B6808-E7A6-462C-B767-D56D1FD10CDB}.Release|x86.Build.0 = Release|Any CPU
		{E03AC663-D8C7-4FF8-85FB-871BCE2F7CFD}.Debug|Any CPU.ActiveCfg = Debug|Any CPU
		{E03AC663-D8C7-4FF8-85FB-871BCE2F7CFD}.Debug|Any CPU.Build.0 = Debug|Any CPU
		{E03AC663-D8C7-4FF8-85FB-871BCE2F7CFD}.Debug|iPhone.ActiveCfg = Debug|Any CPU
		{E03AC663-D8C7-4FF8-85FB-871BCE2F7CFD}.Debug|iPhone.Build.0 = Debug|Any CPU
		{E03AC663-D8C7-4FF8-85FB-871BCE2F7CFD}.Debug|iPhoneSimulator.ActiveCfg = Debug|Any CPU
		{E03AC663-D8C7-4FF8-85FB-871BCE2F7CFD}.Debug|iPhoneSimulator.Build.0 = Debug|Any CPU
		{E03AC663-D8C7-4FF8-85FB-871BCE2F7CFD}.Debug|x64.ActiveCfg = Debug|Any CPU
		{E03AC663-D8C7-4FF8-85FB-871BCE2F7CFD}.Debug|x64.Build.0 = Debug|Any CPU
		{E03AC663-D8C7-4FF8-85FB-871BCE2F7CFD}.Debug|x86.ActiveCfg = Debug|Any CPU
		{E03AC663-D8C7-4FF8-85FB-871BCE2F7CFD}.Debug|x86.Build.0 = Debug|Any CPU
		{E03AC663-D8C7-4FF8-85FB-871BCE2F7CFD}.Release|Any CPU.ActiveCfg = Release|Any CPU
		{E03AC663-D8C7-4FF8-85FB-871BCE2F7CFD}.Release|Any CPU.Build.0 = Release|Any CPU
		{E03AC663-D8C7-4FF8-85FB-871BCE2F7CFD}.Release|iPhone.ActiveCfg = Release|Any CPU
		{E03AC663-D8C7-4FF8-85FB-871BCE2F7CFD}.Release|iPhone.Build.0 = Release|Any CPU
		{E03AC663-D8C7-4FF8-85FB-871BCE2F7CFD}.Release|iPhoneSimulator.ActiveCfg = Release|Any CPU
		{E03AC663-D8C7-4FF8-85FB-871BCE2F7CFD}.Release|iPhoneSimulator.Build.0 = Release|Any CPU
		{E03AC663-D8C7-4FF8-85FB-871BCE2F7CFD}.Release|x64.ActiveCfg = Release|Any CPU
		{E03AC663-D8C7-4FF8-85FB-871BCE2F7CFD}.Release|x64.Build.0 = Release|Any CPU
		{E03AC663-D8C7-4FF8-85FB-871BCE2F7CFD}.Release|x86.ActiveCfg = Release|Any CPU
		{E03AC663-D8C7-4FF8-85FB-871BCE2F7CFD}.Release|x86.Build.0 = Release|Any CPU
		{86565F31-0321-44EF-B2B4-2195FA68517D}.Debug|Any CPU.ActiveCfg = Debug|Any CPU
		{86565F31-0321-44EF-B2B4-2195FA68517D}.Debug|Any CPU.Build.0 = Debug|Any CPU
		{86565F31-0321-44EF-B2B4-2195FA68517D}.Debug|iPhone.ActiveCfg = Debug|Any CPU
		{86565F31-0321-44EF-B2B4-2195FA68517D}.Debug|iPhone.Build.0 = Debug|Any CPU
		{86565F31-0321-44EF-B2B4-2195FA68517D}.Debug|iPhoneSimulator.ActiveCfg = Debug|Any CPU
		{86565F31-0321-44EF-B2B4-2195FA68517D}.Debug|iPhoneSimulator.Build.0 = Debug|Any CPU
		{86565F31-0321-44EF-B2B4-2195FA68517D}.Debug|x64.ActiveCfg = Debug|Any CPU
		{86565F31-0321-44EF-B2B4-2195FA68517D}.Debug|x64.Build.0 = Debug|Any CPU
		{86565F31-0321-44EF-B2B4-2195FA68517D}.Debug|x86.ActiveCfg = Debug|Any CPU
		{86565F31-0321-44EF-B2B4-2195FA68517D}.Debug|x86.Build.0 = Debug|Any CPU
		{86565F31-0321-44EF-B2B4-2195FA68517D}.Release|Any CPU.ActiveCfg = Release|Any CPU
		{86565F31-0321-44EF-B2B4-2195FA68517D}.Release|Any CPU.Build.0 = Release|Any CPU
		{86565F31-0321-44EF-B2B4-2195FA68517D}.Release|iPhone.ActiveCfg = Release|Any CPU
		{86565F31-0321-44EF-B2B4-2195FA68517D}.Release|iPhone.Build.0 = Release|Any CPU
		{86565F31-0321-44EF-B2B4-2195FA68517D}.Release|iPhoneSimulator.ActiveCfg = Release|Any CPU
		{86565F31-0321-44EF-B2B4-2195FA68517D}.Release|iPhoneSimulator.Build.0 = Release|Any CPU
		{86565F31-0321-44EF-B2B4-2195FA68517D}.Release|x64.ActiveCfg = Release|Any CPU
		{86565F31-0321-44EF-B2B4-2195FA68517D}.Release|x64.Build.0 = Release|Any CPU
		{86565F31-0321-44EF-B2B4-2195FA68517D}.Release|x86.ActiveCfg = Release|Any CPU
		{86565F31-0321-44EF-B2B4-2195FA68517D}.Release|x86.Build.0 = Release|Any CPU
	EndGlobalSection
	GlobalSection(SolutionProperties) = preSolution
		HideSolutionNode = FALSE
	EndGlobalSection
	GlobalSection(ExtensibilityGlobals) = postSolution
		SolutionGuid = {653DEF86-5085-4BA9-B119-C0702F8C3BEA}
	EndGlobalSection
EndGlobal
